{
  "name": "medical-research-assistant",
  "version": "3.0.0",
  "lockfileVersion": 3,
  "requires": true,
  "packages": {
    "": {
      "name": "medical-research-assistant",
      "version": "3.0.0",
      "license": "PROPRIETARY",
      "devDependencies": {},
      "engines": {
        "node": ">=18.0.0"
      }
    }
  }
}
